{
  "version": "2",
  "remote": {
    "https://deno.land/std@0.168.0/_util/asserts.ts": "d0844e9b62510f89ce1f9878b046f6a57bf88f208a10304aab50efcb48365272",
    "https://deno.land/std@0.168.0/_util/os.ts": "8a33345f74990e627b9dfe2de9b040004b08ea5146c7c9e8fe9a29070d193934",
    "https://deno.land/std@0.168.0/async/abortable.ts": "80b2ac399f142cc528f95a037a7d0e653296352d95c681e284533765961de409",
    "https://deno.land/std@0.168.0/async/deadline.ts": "2c2deb53c7c28ca1dda7a3ad81e70508b1ebc25db52559de6b8636c9278fd41f",
    "https://deno.land/std@0.168.0/async/debounce.ts": "60301ffb37e730cd2d6f9dadfd0ecb2a38857681bd7aaf6b0a106b06e5210a98",
    "https://deno.land/std@0.168.0/async/deferred.ts": "77d3f84255c3627f1cc88699d8472b664d7635990d5358c4351623e098e917d6",
    "https://deno.land/std@0.168.0/async/delay.ts": "5a9bfba8de38840308a7a33786a0155a7f6c1f7a859558ddcec5fe06e16daf57",
    "https://deno.land/std@0.168.0/async/mod.ts": "7809ad4bb223e40f5fdc043e5c7ca04e0e25eed35c32c3c32e28697c553fa6d9",
    "https://deno.land/std@0.168.0/async/mux_async_iterator.ts": "770a0ff26c59f8bbbda6b703a2235f04e379f73238e8d66a087edc68c2a2c35f",
    "https://deno.land/std@0.168.0/async/pool.ts": "6854d8cd675a74c73391c82005cbbe4cc58183bddcd1fbbd7c2bcda42b61cf69",
    "https://deno.land/std@0.168.0/async/retry.ts": "e8e5173623915bbc0ddc537698fa418cf875456c347eda1ed453528645b42e67",
    "https://deno.land/std@0.168.0/async/tee.ts": "3a47cc4e9a940904fd4341f0224907e199121c80b831faa5ec2b054c6d2eff5e",
    "https://deno.land/std@0.168.0/collections/_utils.ts": "fd759867be7a0047a1fa89ec89f7b58ebe3f2f7f089a8f4e416eb30c5d764868",
    "https://deno.land/std@0.168.0/collections/deep_merge.ts": "0303cca7697646c5464ecb3337d494602056babae4f09baf6619f1043ba7eb6d",
    "https://deno.land/std@0.168.0/crypto/_fnv/fnv32.ts": "aa9bddead8c6345087d3abd4ef35fb9655622afc333fc41fff382b36e64280b5",
    "https://deno.land/std@0.168.0/crypto/_fnv/fnv64.ts": "625d7e7505b6cb2e9801b5fd6ed0a89256bac12b2bbb3e4664b85a88b0ec5bef",
    "https://deno.land/std@0.168.0/crypto/_fnv/index.ts": "a8f6a361b4c6d54e5e89c16098f99b6962a1dd6ad1307dbc97fa1ecac5d7060a",
    "https://deno.land/std@0.168.0/crypto/_fnv/util.ts": "4848313bed7f00f55be3cb080aa0583fc007812ba965b03e4009665bde614ce3",
    "https://deno.land/std@0.168.0/crypto/_util.ts": "4a8cb74e7273d2400aa6da582ec58078cf8d54bc66530592048cbd7cc4152621",
    "https://deno.land/std@0.168.0/crypto/_wasm/lib/deno_std_wasm_crypto.generated.mjs": "71c1ac20f32fdbdc9b31a14917779c7fa392dbc8b050059cbb2c35b400b975b1",
    "https://deno.land/std@0.168.0/crypto/_wasm/mod.ts": "b49ec171049bbbaaed3c5a5a71dfcb3d09f880607c8d9c517638d0443bd0f874",
    "https://deno.land/std@0.168.0/crypto/keystack.ts": "ee8ee58ca876f619cef56f40127405f77f9738f50a459b6ba44234b3a2cb6cc8",
    "https://deno.land/std@0.168.0/crypto/mod.ts": "f953406904aa4257a6c76c40eb74b47d8dad83af8a77f33a4639cbac6d311baf",
    "https://deno.land/std@0.168.0/crypto/timing_safe_equal.ts": "3784958e40a5fe10429a68b75cc5f8d34356bf0bc2eb93c80c3033e2a6f17821",
    "https://deno.land/std@0.168.0/crypto/util.ts": "93fc9dbaa62421538ad60ee65337cbf1d8a0298fac3c4f70b37e5627e7e129eb",
    "https://deno.land/std@0.168.0/encoding/base64.ts": "8605e018e49211efc767686f6f687827d7f5fd5217163e981d8d693105640d7a",
    "https://deno.land/std@0.168.0/encoding/base64url.ts": "0283b12fcd306c11e3cf26fc022fecc800c6acc19704ea8bdb3908898fcd06d6",
    "https://deno.land/std@0.168.0/encoding/hex.ts": "b51e99b684486a3ad2406807a8be953f5ef8bac95af202774a759f9fcf0d87a6",
    "https://deno.land/std@0.168.0/flags/mod.ts": "4f50ec6383c02684db35de38b3ffb2cd5b9fcfcc0b1147055d1980c49e82521c",
    "https://deno.land/std@0.168.0/fmt/colors.ts": "03ad95e543d2808bc43c17a3dd29d25b43d0f16287fe562a0be89bf632454a12",
    "https://deno.land/std@0.168.0/fs/_util.ts": "fdc156f897197f261a1c096dcf8ff9267ed0ff42bd5b31f55053a4763a4bae3b",
    "https://deno.land/std@0.168.0/fs/copy.ts": "c6303e52f544c81271c929931f5b59c9cfa4f81930719d2d3f777188c38aac9f",
    "https://deno.land/std@0.168.0/fs/empty_dir.ts": "453d6232ff109f2afb5e57ec14c3228e399205c1b408d85536aed7230290c414",
    "https://deno.land/std@0.168.0/fs/ensure_dir.ts": "5e9e3d7da7fc5b5e391e6d9ccead17086d76e82fb46ccc7cc9b9ee3491bab6e0",
    "https://deno.land/std@0.168.0/fs/ensure_file.ts": "76ef3a8ebef60d8da1fc4316fcb8e20c1b6f52b1baed3a9692ad3b0d1a9a1b03",
    "https://deno.land/std@0.168.0/fs/ensure_link.ts": "adc8919063e26819f5971a0010fedc1bfd71d6350a24db1a36dff432bc35c7d7",
    "https://deno.land/std@0.168.0/fs/ensure_symlink.ts": "5273557b8c50be69477aa9cb003b54ff2240a336db52a40851c97abce76b96ab",
    "https://deno.land/std@0.168.0/fs/eol.ts": "6e784ff8120c8d5589cb258e56dc39bc5b408ac9827a2e914163cbf9f2e3ce92",
    "https://deno.land/std@0.168.0/fs/exists.ts": "6a447912e49eb79cc640adacfbf4b0baf8e17ede6d5bed057062ce33c4fa0d68",
    "https://deno.land/std@0.168.0/fs/expand_glob.ts": "3a92ee4921d2b063b8dfefd1d87c35bf81126f0f1cb16e5a0f4e9ecb88ec6fe3",
    "https://deno.land/std@0.168.0/fs/mod.ts": "79c209c6e66903b3426f9245a4f216380a0ed47ffe9d253f5a61a0bc9ad1f314",
    "https://deno.land/std@0.168.0/fs/move.ts": "02ab1fc9b744da8b496f406e9fc77b0bf7960b6faaa7ec9f5fb0a129e5bef215",
    "https://deno.land/std@0.168.0/fs/walk.ts": "677eac2e5386217a7a4e7526769ae28b41ff4ae7a3cd0389f3aa4eb662545edd",
    "https://deno.land/std@0.168.0/http/file_server.ts": "369b5e4bb418e3ad6aae6d53102de292521604937acb3bfa27b90bbc59b50396",
    "https://deno.land/std@0.168.0/http/http_status.ts": "ed24048cc0d06066c944da59b0301da3ae2f990564bb4ad79bb52a09cf8e9b30",
    "https://deno.land/std@0.168.0/http/server.ts": "e99c1bee8a3f6571ee4cdeb2966efad465b8f6fe62bec1bdb59c1f007cc4d155",
    "https://deno.land/std@0.168.0/http/util.ts": "759a2b57b44b722d2033d0dfe077f7e9a257f431db6d0319b78dcfebed0adb1e",
    "https://deno.land/std@0.168.0/media_types/_util.ts": "ce9b4fc4ba1c447dafab619055e20fd88236ca6bdd7834a21f98bd193c3fbfa1",
    "https://deno.land/std@0.168.0/media_types/mod.ts": "8c0447e561dd74fb26c52ad0df92d9f2ab170329a11a3f78498e3ea94c0590fd",
    "https://deno.land/std@0.168.0/media_types/vendor/mime-db.v1.52.0.ts": "724cee25fa40f1a52d3937d6b4fbbfdd7791ff55e1b7ac08d9319d5632c7f5af",
    "https://deno.land/std@0.168.0/path/_constants.ts": "df1db3ffa6dd6d1252cc9617e5d72165cd2483df90e93833e13580687b6083c3",
    "https://deno.land/std@0.168.0/path/_interface.ts": "ee3b431a336b80cf445441109d089b70d87d5e248f4f90ff906820889ecf8d09",
    "https://deno.land/std@0.168.0/path/_util.ts": "d16be2a16e1204b65f9d0dfc54a9bc472cafe5f4a190b3c8471ec2016ccd1677",
    "https://deno.land/std@0.168.0/path/common.ts": "bee563630abd2d97f99d83c96c2fa0cca7cee103e8cb4e7699ec4d5db7bd2633",
    "https://deno.land/std@0.168.0/path/glob.ts": "81cc6c72be002cd546c7a22d1f263f82f63f37fe0035d9726aa96fc8f6e4afa1",
    "https://deno.land/std@0.168.0/path/mod.ts": "cf7cec7ac11b7048bb66af8ae03513e66595c279c65cfa12bfc07d9599608b78",
    "https://deno.land/std@0.168.0/path/posix.ts": "b859684bc4d80edfd4cad0a82371b50c716330bed51143d6dcdbe59e6278b30c",
    "https://deno.land/std@0.168.0/path/separator.ts": "fe1816cb765a8068afb3e8f13ad272351c85cbc739af56dacfc7d93d710fe0f9",
    "https://deno.land/std@0.168.0/path/win32.ts": "7cebd2bda6657371adc00061a1d23fdd87bcdf64b4843bb148b0b24c11b40f69",
    "https://deno.land/std@0.168.0/version.ts": "6ed7bb29087783f788009970e040d66152a44cc0f0c40b514b6bb0eac6e942fa",
    "https://deno.land/std@0.174.0/collections/_utils.ts": "5114abc026ddef71207a79609b984614e66a63a4bda17d819d56b0e72c51527e",
    "https://deno.land/std@0.174.0/collections/deep_merge.ts": "5a8ed29030f4471a5272785c57c3455fa79697b9a8f306013a8feae12bafc99a",
    "https://deno.land/std@0.174.0/crypto/_fnv/fnv32.ts": "e4649dfdefc5c987ed53c3c25db62db771a06d9d1b9c36d2b5cf0853b8e82153",
    "https://deno.land/std@0.174.0/crypto/_fnv/fnv64.ts": "bfa0e4702061fdb490a14e6bf5f9168a22fb022b307c5723499469bfefca555e",
    "https://deno.land/std@0.174.0/crypto/_fnv/index.ts": "169c213eb75de2d6738c1ed66a8e5782bd222b70b187cc4e7fb7b73edfcf0927",
    "https://deno.land/std@0.174.0/crypto/_fnv/util.ts": "accba12bfd80a352e32a872f87df2a195e75561f1b1304a4cb4f5a4648d288f9",
    "https://deno.land/std@0.174.0/crypto/_util.ts": "0522d1466e3c92df84cea94da85dbb7bd93e629dacb2aa5b39cab432ab7cb3d6",
    "https://deno.land/std@0.174.0/crypto/crypto.ts": "d5ce53784ab7b1348095389426a7ea98536223fb143812ecb50724a0aa1ec657",
    "https://deno.land/std@0.174.0/crypto/keystack.ts": "877ab0f19eb7d37ad6495190d3c3e39f58e9c52e0b6a966f82fd6df67ca55f90",
    "https://deno.land/std@0.174.0/crypto/mod.ts": "885738e710868202d7328305b0c0c134e36a2d9c98ceab9513ea2442863c00eb",
    "https://deno.land/std@0.174.0/crypto/to_hash_string.ts": "fe4e95239d7afb617f469bc2f76ff20f888ddb8d1385e0d92276f6e4d5a809d1",
    "https://deno.land/std@0.174.0/fs/_util.ts": "65381f341af1ff7f40198cee15c20f59951ac26e51ddc651c5293e24f9ce6f32",
    "https://deno.land/std@0.174.0/fs/copy.ts": "14214efd94fc3aa6db1e4af2b4b9578e50f7362b7f3725d5a14ad259a5df26c8",
    "https://deno.land/std@0.174.0/fs/empty_dir.ts": "c3d2da4c7352fab1cf144a1ecfef58090769e8af633678e0f3fabaef98594688",
    "https://deno.land/std@0.174.0/fs/ensure_dir.ts": "724209875497a6b4628dfb256116e5651c4f7816741368d6c44aab2531a1e603",
    "https://deno.land/std@0.174.0/fs/ensure_file.ts": "c38602670bfaf259d86ca824a94e6cb9e5eb73757fefa4ebf43a90dd017d53d9",
    "https://deno.land/std@0.174.0/fs/ensure_link.ts": "c0f5b2f0ec094ed52b9128eccb1ee23362a617457aa0f699b145d4883f5b2fb4",
    "https://deno.land/std@0.174.0/fs/ensure_symlink.ts": "2955cc8332aeca9bdfefd05d8d3976b94e282b0f353392a71684808ed2ffdd41",
    "https://deno.land/std@0.174.0/fs/expand_glob.ts": "45d17e89796a24bd6002e4354eda67b4301bb8ba67d2cac8453cdabccf1d9ab0",
    "https://deno.land/std@0.174.0/fs/mod.ts": "bc3d0acd488cc7b42627044caf47d72019846d459279544e1934418955ba4898",
    "https://deno.land/std@0.174.0/fs/move.ts": "4cb47f880e3f0582c55e71c9f8b1e5e8cfaacb5e84f7390781dd563b7298ec19",
    "https://deno.land/std@0.174.0/fs/walk.ts": "ea95ffa6500c1eda6b365be488c056edc7c883a1db41ef46ec3bf057b1c0fe32",
    "https://deno.land/std@0.174.0/http/file_server.ts": "8c6f1b12966063aa83e943f20c3a4e4871a23bf832cd548a8d5c2437364c283b",
    "https://deno.land/std@0.174.0/http/server.ts": "cbb17b594651215ba95c01a395700684e569c165a567e4e04bba327f41197433",
    "https://deno.land/std@0.174.0/http/util.ts": "36c0b60c031f9e2ba024353ed11693f76c714551f9e766b36cdaacda54f25a21",
    "https://deno.land/std@0.174.0/media_types/_db.ts": "7606d83e31f23ce1a7968cbaee852810c2cf477903a095696cdc62eaab7ce570",
    "https://deno.land/std@0.174.0/media_types/_util.ts": "916efbd30b6148a716f110e67a4db29d6949bf4048997b754415dd7e42c52378",
    "https://deno.land/std@0.174.0/media_types/content_type.ts": "c682589a0aeb016bfed355cc1ed6fbb3ead2ea48fc0000ac5de6a5730613ad1c",
    "https://deno.land/std@0.174.0/media_types/format_media_type.ts": "1e35e16562e5c417401ffc388a9f8f421f97f0ee06259cbe990c51bae4e6c7a8",
    "https://deno.land/std@0.174.0/media_types/get_charset.ts": "8be15a1fd31a545736b91ace56d0e4c66ea0d7b3fdc5c90760e8202e7b4b1fad",
    "https://deno.land/std@0.174.0/media_types/parse_media_type.ts": "bed260d868ea271445ae41d748e7afed9b5a7f407d2777ead08cecf73e9278de",
    "https://deno.land/std@0.174.0/media_types/type_by_extension.ts": "6076a7fc63181d70f92ec582fdea2c927eb2cfc7f9c9bee9d6add2aca86f2355",
    "https://deno.land/std@0.174.0/media_types/vendor/mime-db.v1.52.0.ts": "6925bbcae81ca37241e3f55908d0505724358cda3384eaea707773b2c7e99586",
    "https://deno.land/std@0.174.0/version.ts": "23579a7166ed9f7c601af351f175926138e24c508c2c2146f4df88a46e12ec24",
    "https://deno.land/std@0.175.0/_util/asserts.ts": "178dfc49a464aee693a7e285567b3d0b555dc805ff490505a8aae34f9cfb1462",
    "https://deno.land/std@0.175.0/bytes/copy.ts": "939d89e302a9761dcf1d9c937c7711174ed74c59eef40a1e4569a05c9de88219",
    "https://deno.land/std@0.175.0/encoding/_yaml/dumper/dumper.ts": "49053c293a2250b33f2efc0ce3973280c6dc3bc0b41397af3863b5f03340e01b",
    "https://deno.land/std@0.175.0/encoding/_yaml/dumper/dumper_state.ts": "975a3702752a29251c5746206507dfebbfede60dd2c0dec161dc22633fbc6085",
    "https://deno.land/std@0.175.0/encoding/_yaml/error.ts": "e60ab51d7c0253cf0d1cf7d445202e8e3da5c77aae0032071ba7400121c281b4",
    "https://deno.land/std@0.175.0/encoding/_yaml/loader/loader.ts": "6c59f60faaf78d73db0e016293f4bfed19e6356d7064230d07d6b68a65a1df5d",
    "https://deno.land/std@0.175.0/encoding/_yaml/loader/loader_state.ts": "fcc82fcdf167acb0e9e5e32b32682e58b45f2d44210bf685794797ccb5621232",
    "https://deno.land/std@0.175.0/encoding/_yaml/mark.ts": "0027d6f62a70a6c64b85bd1751ddf1646ea97edcefbf5bea1706d5e519f4e34f",
    "https://deno.land/std@0.175.0/encoding/_yaml/parse.ts": "63e79582e07145ca1d3205d1ac72b82bf5ce14159dabae195abe7e36de8111bd",
    "https://deno.land/std@0.175.0/encoding/_yaml/schema.ts": "0833c75c59bf72c8a8f96f6c0615bcd98d23fdd9b076657f42b5c1a4f9d972b0",
    "https://deno.land/std@0.175.0/encoding/_yaml/schema/core.ts": "366f56673336ba24f5723c04319efcc7471be5f55d5f8d95c9b4a38ec233d4c6",
    "https://deno.land/std@0.175.0/encoding/_yaml/schema/default.ts": "96e9ed6ead36f53a0832c542fc9b8cca7f8b4a67c1c8424e1423a39ee7154db7",
    "https://deno.land/std@0.175.0/encoding/_yaml/schema/extended.ts": "f9bd75c79ebdfb92a8e167488b6bde7113a31b8fabe20ad7eed0904fba11bcd2",
    "https://deno.land/std@0.175.0/encoding/_yaml/schema/failsafe.ts": "cddcbf0258bbe0cd77ca10e2f5aec13439f50d4068f96aab08ca2d64496dabe8",
    "https://deno.land/std@0.175.0/encoding/_yaml/schema/json.ts": "c86905dfb1b6c4633750bfbb5bd529a30be5c08287ab7eb6694390b40e276487",
    "https://deno.land/std@0.175.0/encoding/_yaml/schema/mod.ts": "051f93dd97a15aaad2da62bd24627e8fd2f02fb026d21567d924b720d606f078",
    "https://deno.land/std@0.175.0/encoding/_yaml/state.ts": "ef03d55ec235d48dcfbecc0ab3ade90bfae69a61094846e08003421c2cf5cfc6",
    "https://deno.land/std@0.175.0/encoding/_yaml/stringify.ts": "426b73e4dbaeed26ed855add3862786d7e374bd4c59e5e1bd9a6fcd5082be3c7",
    "https://deno.land/std@0.175.0/encoding/_yaml/type.ts": "5ded5472a0f17a219ac3b0e90d96dc8472a68654a40258a31e03a6c6297b6788",
    "https://deno.land/std@0.175.0/encoding/_yaml/type/binary.ts": "935d39794420ac3718d26716192239de6a53566c6f2ba5010e8ed26936b94a89",
    "https://deno.land/std@0.175.0/encoding/_yaml/type/bool.ts": "1c99cfbaa94b022575b636a73e1549569b26fc6bbff2cd5e539aa77b49bdf303",
    "https://deno.land/std@0.175.0/encoding/_yaml/type/float.ts": "f60ad19b27050add694bfc255b7efef27103f047861aa657823ff3f6853bad11",
    "https://deno.land/std@0.175.0/encoding/_yaml/type/function.ts": "65a37f6bef43ef141854ee48a1058d9c9c4c80ed6eed6cd35608329a6957e27a",
    "https://deno.land/std@0.175.0/encoding/_yaml/type/int.ts": "892f59bb7b2dbd64dd9b643c17441af95c0b962ad027e454cb84a68864787b86",
    "https://deno.land/std@0.175.0/encoding/_yaml/type/map.ts": "92e647a6aec0dc184ea4b039a77a15883b54da754311189c595b43f6aaa50030",
    "https://deno.land/std@0.175.0/encoding/_yaml/type/merge.ts": "8192bf3e4d637f32567917f48bb276043da9cf729cf594e5ec191f7cd229337e",
    "https://deno.land/std@0.175.0/encoding/_yaml/type/mod.ts": "060e2b3d38725094b77ea3a3f05fc7e671fced8e67ca18e525be98c4aa8f4bbb",
    "https://deno.land/std@0.175.0/encoding/_yaml/type/nil.ts": "606e8f0c44d73117c81abec822f89ef81e40f712258c74f186baa1af659b8887",
    "https://deno.land/std@0.175.0/encoding/_yaml/type/omap.ts": "fbd5da9970c211335ff7c8fa11e9c5e9256e568d52418ac237d1538c5cb0d5e6",
    "https://deno.land/std@0.175.0/encoding/_yaml/type/pairs.ts": "ea487a44c0ae64d8d952779fa1cb5fa0a12f32a0b5d3d1e8c1f06f446448427c",
    "https://deno.land/std@0.175.0/encoding/_yaml/type/regexp.ts": "672000d22a1062d61577d30b218c28f5cb1d039a7a60079fdde6a4e558d5ca51",
    "https://deno.land/std@0.175.0/encoding/_yaml/type/seq.ts": "39b28f7c7aa41263c5c42cab9d184f03555e9ba19493766afc0c0c325a9ac49f",
    "https://deno.land/std@0.175.0/encoding/_yaml/type/set.ts": "0e30a9f750306b514c8ae9869d1ac2548d57beab55b33e85ea9673ca0a08264c",
    "https://deno.land/std@0.175.0/encoding/_yaml/type/str.ts": "a67a3c6e429d95041399e964015511779b1130ea5889fa257c48457bd3446e31",
    "https://deno.land/std@0.175.0/encoding/_yaml/type/timestamp.ts": "706ea80a76a73e48efaeb400ace087da1f927647b53ad6f754f4e06d51af087f",
    "https://deno.land/std@0.175.0/encoding/_yaml/type/undefined.ts": "94a316ca450597ccbc6750cbd79097ad0d5f3a019797eed3c841a040c29540ba",
    "https://deno.land/std@0.175.0/encoding/_yaml/utils.ts": "26b311f0d42a7ce025060bd6320a68b50e52fd24a839581eb31734cd48e20393",
    "https://deno.land/std@0.175.0/encoding/front_matter/mod.ts": "e9cd15d063986f05c34483cb7ecb0465ae10e6ba5ec9c6b4db6b4b0e20946dd4",
    "https://deno.land/std@0.175.0/encoding/yaml.ts": "02571d1bbbcfd7c5647789cee872ecf9c1c470e1b1a40948ed219fb661e19d87",
    "https://deno.land/std@0.175.0/io/buffer.ts": "e2b7564f684dad625cab08f5106f33572d325705d19a36822b3272fbdfb8f726",
    "https://deno.land/std@0.175.0/types.d.ts": "220ed56662a0bd393ba5d124aa6ae2ad36a00d2fcbc0e8666a65f4606aaa9784",
    "https://deno.land/std@0.177.0/_util/asserts.ts": "178dfc49a464aee693a7e285567b3d0b555dc805ff490505a8aae34f9cfb1462",
    "https://deno.land/std@0.177.0/_util/os.ts": "d932f56d41e4f6a6093d56044e29ce637f8dcc43c5a90af43504a889cf1775e3",
    "https://deno.land/std@0.177.0/async/abortable.ts": "73acfb3ed7261ce0d930dbe89e43db8d34e017b063cf0eaa7d215477bf53442e",
    "https://deno.land/std@0.177.0/async/deadline.ts": "c5facb0b404eede83e38bd2717ea8ab34faa2ffb20ef87fd261fcba32ba307aa",
    "https://deno.land/std@0.177.0/async/debounce.ts": "adab11d04ca38d699444ac8a9d9856b4155e8dda2afd07ce78276c01ea5a4332",
    "https://deno.land/std@0.177.0/async/deferred.ts": "42790112f36a75a57db4a96d33974a936deb7b04d25c6084a9fa8a49f135def8",
    "https://deno.land/std@0.177.0/async/delay.ts": "73aa04cec034c84fc748c7be49bb15cac3dd43a57174bfdb7a4aec22c248f0dd",
    "https://deno.land/std@0.177.0/async/mod.ts": "f04344fa21738e5ad6bea37a6bfffd57c617c2d372bb9f9dcfd118a1b622e576",
    "https://deno.land/std@0.177.0/async/mux_async_iterator.ts": "70c7f2ee4e9466161350473ad61cac0b9f115cff4c552eaa7ef9d50c4cbb4cc9",
    "https://deno.land/std@0.177.0/async/pool.ts": "fd082bd4aaf26445909889435a5c74334c017847842ec035739b4ae637ae8260",
    "https://deno.land/std@0.177.0/async/retry.ts": "5efa3ba450ac0c07a40a82e2df296287b5013755d232049efd7ea2244f15b20f",
    "https://deno.land/std@0.177.0/async/tee.ts": "47e42d35f622650b02234d43803d0383a89eb4387e1b83b5a40106d18ae36757",
    "https://deno.land/std@0.177.0/bytes/copy.ts": "939d89e302a9761dcf1d9c937c7711174ed74c59eef40a1e4569a05c9de88219",
    "https://deno.land/std@0.177.0/collections/_utils.ts": "5114abc026ddef71207a79609b984614e66a63a4bda17d819d56b0e72c51527e",
    "https://deno.land/std@0.177.0/collections/deep_merge.ts": "5a8ed29030f4471a5272785c57c3455fa79697b9a8f306013a8feae12bafc99a",
    "https://deno.land/std@0.177.0/crypto/_fnv/fnv32.ts": "e4649dfdefc5c987ed53c3c25db62db771a06d9d1b9c36d2b5cf0853b8e82153",
    "https://deno.land/std@0.177.0/crypto/_fnv/fnv64.ts": "bfa0e4702061fdb490a14e6bf5f9168a22fb022b307c5723499469bfefca555e",
    "https://deno.land/std@0.177.0/crypto/_fnv/index.ts": "169c213eb75de2d6738c1ed66a8e5782bd222b70b187cc4e7fb7b73edfcf0927",
    "https://deno.land/std@0.177.0/crypto/_fnv/util.ts": "accba12bfd80a352e32a872f87df2a195e75561f1b1304a4cb4f5a4648d288f9",
    "https://deno.land/std@0.177.0/crypto/_util.ts": "0522d1466e3c92df84cea94da85dbb7bd93e629dacb2aa5b39cab432ab7cb3d6",
    "https://deno.land/std@0.177.0/crypto/_wasm/lib/deno_std_wasm_crypto.generated.mjs": "5dedb7f9aa05f0e18ed017691c58df5f4686e4cbbd70368c6f896e5cca03f2b4",
    "https://deno.land/std@0.177.0/crypto/_wasm/mod.ts": "e2df88236fc061eac7a89e8cb0b97843f5280b08b2a990e473b7397a3e566003",
    "https://deno.land/std@0.177.0/crypto/crypto.ts": "d5ce53784ab7b1348095389426a7ea98536223fb143812ecb50724a0aa1ec657",
    "https://deno.land/std@0.177.0/crypto/keystack.ts": "877ab0f19eb7d37ad6495190d3c3e39f58e9c52e0b6a966f82fd6df67ca55f90",
    "https://deno.land/std@0.177.0/crypto/mod.ts": "885738e710868202d7328305b0c0c134e36a2d9c98ceab9513ea2442863c00eb",
    "https://deno.land/std@0.177.0/crypto/timing_safe_equal.ts": "8d69ab611c67fe51b6127d97fcfb4d8e7d0e1b6b4f3e0cc4ab86744c3691f965",
    "https://deno.land/std@0.177.0/crypto/to_hash_string.ts": "fe4e95239d7afb617f469bc2f76ff20f888ddb8d1385e0d92276f6e4d5a809d1",
    "https://deno.land/std@0.177.0/encoding/_yaml/dumper/dumper.ts": "49053c293a2250b33f2efc0ce3973280c6dc3bc0b41397af3863b5f03340e01b",
    "https://deno.land/std@0.177.0/encoding/_yaml/dumper/dumper_state.ts": "975a3702752a29251c5746206507dfebbfede60dd2c0dec161dc22633fbc6085",
    "https://deno.land/std@0.177.0/encoding/_yaml/error.ts": "e60ab51d7c0253cf0d1cf7d445202e8e3da5c77aae0032071ba7400121c281b4",
    "https://deno.land/std@0.177.0/encoding/_yaml/loader/loader.ts": "6c59f60faaf78d73db0e016293f4bfed19e6356d7064230d07d6b68a65a1df5d",
    "https://deno.land/std@0.177.0/encoding/_yaml/loader/loader_state.ts": "fcc82fcdf167acb0e9e5e32b32682e58b45f2d44210bf685794797ccb5621232",
    "https://deno.land/std@0.177.0/encoding/_yaml/mark.ts": "0027d6f62a70a6c64b85bd1751ddf1646ea97edcefbf5bea1706d5e519f4e34f",
    "https://deno.land/std@0.177.0/encoding/_yaml/parse.ts": "63e79582e07145ca1d3205d1ac72b82bf5ce14159dabae195abe7e36de8111bd",
    "https://deno.land/std@0.177.0/encoding/_yaml/schema.ts": "0833c75c59bf72c8a8f96f6c0615bcd98d23fdd9b076657f42b5c1a4f9d972b0",
    "https://deno.land/std@0.177.0/encoding/_yaml/schema/core.ts": "366f56673336ba24f5723c04319efcc7471be5f55d5f8d95c9b4a38ec233d4c6",
    "https://deno.land/std@0.177.0/encoding/_yaml/schema/default.ts": "96e9ed6ead36f53a0832c542fc9b8cca7f8b4a67c1c8424e1423a39ee7154db7",
    "https://deno.land/std@0.177.0/encoding/_yaml/schema/extended.ts": "f9bd75c79ebdfb92a8e167488b6bde7113a31b8fabe20ad7eed0904fba11bcd2",
    "https://deno.land/std@0.177.0/encoding/_yaml/schema/failsafe.ts": "cddcbf0258bbe0cd77ca10e2f5aec13439f50d4068f96aab08ca2d64496dabe8",
    "https://deno.land/std@0.177.0/encoding/_yaml/schema/json.ts": "c86905dfb1b6c4633750bfbb5bd529a30be5c08287ab7eb6694390b40e276487",
    "https://deno.land/std@0.177.0/encoding/_yaml/schema/mod.ts": "051f93dd97a15aaad2da62bd24627e8fd2f02fb026d21567d924b720d606f078",
    "https://deno.land/std@0.177.0/encoding/_yaml/state.ts": "ef03d55ec235d48dcfbecc0ab3ade90bfae69a61094846e08003421c2cf5cfc6",
    "https://deno.land/std@0.177.0/encoding/_yaml/stringify.ts": "426b73e4dbaeed26ed855add3862786d7e374bd4c59e5e1bd9a6fcd5082be3c7",
    "https://deno.land/std@0.177.0/encoding/_yaml/type.ts": "5ded5472a0f17a219ac3b0e90d96dc8472a68654a40258a31e03a6c6297b6788",
    "https://deno.land/std@0.177.0/encoding/_yaml/type/binary.ts": "935d39794420ac3718d26716192239de6a53566c6f2ba5010e8ed26936b94a89",
    "https://deno.land/std@0.177.0/encoding/_yaml/type/bool.ts": "1c99cfbaa94b022575b636a73e1549569b26fc6bbff2cd5e539aa77b49bdf303",
    "https://deno.land/std@0.177.0/encoding/_yaml/type/float.ts": "f60ad19b27050add694bfc255b7efef27103f047861aa657823ff3f6853bad11",
    "https://deno.land/std@0.177.0/encoding/_yaml/type/function.ts": "65a37f6bef43ef141854ee48a1058d9c9c4c80ed6eed6cd35608329a6957e27a",
    "https://deno.land/std@0.177.0/encoding/_yaml/type/int.ts": "892f59bb7b2dbd64dd9b643c17441af95c0b962ad027e454cb84a68864787b86",
    "https://deno.land/std@0.177.0/encoding/_yaml/type/map.ts": "92e647a6aec0dc184ea4b039a77a15883b54da754311189c595b43f6aaa50030",
    "https://deno.land/std@0.177.0/encoding/_yaml/type/merge.ts": "8192bf3e4d637f32567917f48bb276043da9cf729cf594e5ec191f7cd229337e",
    "https://deno.land/std@0.177.0/encoding/_yaml/type/mod.ts": "060e2b3d38725094b77ea3a3f05fc7e671fced8e67ca18e525be98c4aa8f4bbb",
    "https://deno.land/std@0.177.0/encoding/_yaml/type/nil.ts": "606e8f0c44d73117c81abec822f89ef81e40f712258c74f186baa1af659b8887",
    "https://deno.land/std@0.177.0/encoding/_yaml/type/omap.ts": "fbd5da9970c211335ff7c8fa11e9c5e9256e568d52418ac237d1538c5cb0d5e6",
    "https://deno.land/std@0.177.0/encoding/_yaml/type/pairs.ts": "ea487a44c0ae64d8d952779fa1cb5fa0a12f32a0b5d3d1e8c1f06f446448427c",
    "https://deno.land/std@0.177.0/encoding/_yaml/type/regexp.ts": "672000d22a1062d61577d30b218c28f5cb1d039a7a60079fdde6a4e558d5ca51",
    "https://deno.land/std@0.177.0/encoding/_yaml/type/seq.ts": "39b28f7c7aa41263c5c42cab9d184f03555e9ba19493766afc0c0c325a9ac49f",
    "https://deno.land/std@0.177.0/encoding/_yaml/type/set.ts": "0e30a9f750306b514c8ae9869d1ac2548d57beab55b33e85ea9673ca0a08264c",
    "https://deno.land/std@0.177.0/encoding/_yaml/type/str.ts": "a67a3c6e429d95041399e964015511779b1130ea5889fa257c48457bd3446e31",
    "https://deno.land/std@0.177.0/encoding/_yaml/type/timestamp.ts": "706ea80a76a73e48efaeb400ace087da1f927647b53ad6f754f4e06d51af087f",
    "https://deno.land/std@0.177.0/encoding/_yaml/type/undefined.ts": "94a316ca450597ccbc6750cbd79097ad0d5f3a019797eed3c841a040c29540ba",
    "https://deno.land/std@0.177.0/encoding/_yaml/utils.ts": "26b311f0d42a7ce025060bd6320a68b50e52fd24a839581eb31734cd48e20393",
    "https://deno.land/std@0.177.0/encoding/base64.ts": "7de04c2f8aeeb41453b09b186480be90f2ff357613b988e99fabb91d2eeceba1",
    "https://deno.land/std@0.177.0/encoding/base64url.ts": "3f1178f6446834457b16bfde8b559c1cd3481727fe384d3385e4a9995dc2d851",
    "https://deno.land/std@0.177.0/encoding/front_matter/mod.ts": "086d2c2f20e8b20bad9c02daa270333439441c1509959c79f7ab792dff394b39",
    "https://deno.land/std@0.177.0/encoding/hex.ts": "50f8c95b52eae24395d3dfcb5ec1ced37c5fe7610ef6fffdcc8b0fdc38e3b32f",
    "https://deno.land/std@0.177.0/encoding/yaml.ts": "02571d1bbbcfd7c5647789cee872ecf9c1c470e1b1a40948ed219fb661e19d87",
    "https://deno.land/std@0.177.0/flags/mod.ts": "d1cdefa18472ef69858a17df5cf7c98445ed27ac10e1460183081303b0ebc270",
    "https://deno.land/std@0.177.0/fmt/colors.ts": "938c5d44d889fb82eff6c358bea8baa7e85950a16c9f6dae3ec3a7a729164471",
    "https://deno.land/std@0.177.0/fs/_util.ts": "65381f341af1ff7f40198cee15c20f59951ac26e51ddc651c5293e24f9ce6f32",
    "https://deno.land/std@0.177.0/fs/copy.ts": "14214efd94fc3aa6db1e4af2b4b9578e50f7362b7f3725d5a14ad259a5df26c8",
    "https://deno.land/std@0.177.0/fs/empty_dir.ts": "c3d2da4c7352fab1cf144a1ecfef58090769e8af633678e0f3fabaef98594688",
    "https://deno.land/std@0.177.0/fs/ensure_dir.ts": "724209875497a6b4628dfb256116e5651c4f7816741368d6c44aab2531a1e603",
    "https://deno.land/std@0.177.0/fs/ensure_file.ts": "c38602670bfaf259d86ca824a94e6cb9e5eb73757fefa4ebf43a90dd017d53d9",
    "https://deno.land/std@0.177.0/fs/ensure_link.ts": "c0f5b2f0ec094ed52b9128eccb1ee23362a617457aa0f699b145d4883f5b2fb4",
    "https://deno.land/std@0.177.0/fs/ensure_symlink.ts": "2955cc8332aeca9bdfefd05d8d3976b94e282b0f353392a71684808ed2ffdd41",
    "https://deno.land/std@0.177.0/fs/eol.ts": "f1f2eb348a750c34500741987b21d65607f352cf7205f48f4319d417fff42842",
    "https://deno.land/std@0.177.0/fs/exists.ts": "b8c8a457b71e9d7f29b9d2f87aad8dba2739cbe637e8926d6ba6e92567875f8e",
    "https://deno.land/std@0.177.0/fs/expand_glob.ts": "45d17e89796a24bd6002e4354eda67b4301bb8ba67d2cac8453cdabccf1d9ab0",
    "https://deno.land/std@0.177.0/fs/mod.ts": "bc3d0acd488cc7b42627044caf47d72019846d459279544e1934418955ba4898",
    "https://deno.land/std@0.177.0/fs/move.ts": "4cb47f880e3f0582c55e71c9f8b1e5e8cfaacb5e84f7390781dd563b7298ec19",
    "https://deno.land/std@0.177.0/fs/walk.ts": "ea95ffa6500c1eda6b365be488c056edc7c883a1db41ef46ec3bf057b1c0fe32",
    "https://deno.land/std@0.177.0/http/file_server.ts": "86d624c0c908a4a377090668ee872cf5c064245da71b3e8f8f7df888cac869d5",
    "https://deno.land/std@0.177.0/http/http_status.ts": "8a7bcfe3ac025199ad804075385e57f63d055b2aed539d943ccc277616d6f932",
    "https://deno.land/std@0.177.0/http/server.ts": "cbb17b594651215ba95c01a395700684e569c165a567e4e04bba327f41197433",
    "https://deno.land/std@0.177.0/http/util.ts": "36c0b60c031f9e2ba024353ed11693f76c714551f9e766b36cdaacda54f25a21",
    "https://deno.land/std@0.177.0/io/buffer.ts": "e2b7564f684dad625cab08f5106f33572d325705d19a36822b3272fbdfb8f726",
    "https://deno.land/std@0.177.0/media_types/_db.ts": "7606d83e31f23ce1a7968cbaee852810c2cf477903a095696cdc62eaab7ce570",
    "https://deno.land/std@0.177.0/media_types/_util.ts": "916efbd30b6148a716f110e67a4db29d6949bf4048997b754415dd7e42c52378",
    "https://deno.land/std@0.177.0/media_types/content_type.ts": "c682589a0aeb016bfed355cc1ed6fbb3ead2ea48fc0000ac5de6a5730613ad1c",
    "https://deno.land/std@0.177.0/media_types/format_media_type.ts": "1e35e16562e5c417401ffc388a9f8f421f97f0ee06259cbe990c51bae4e6c7a8",
    "https://deno.land/std@0.177.0/media_types/get_charset.ts": "8be15a1fd31a545736b91ace56d0e4c66ea0d7b3fdc5c90760e8202e7b4b1fad",
    "https://deno.land/std@0.177.0/media_types/parse_media_type.ts": "bed260d868ea271445ae41d748e7afed9b5a7f407d2777ead08cecf73e9278de",
    "https://deno.land/std@0.177.0/media_types/type_by_extension.ts": "6076a7fc63181d70f92ec582fdea2c927eb2cfc7f9c9bee9d6add2aca86f2355",
    "https://deno.land/std@0.177.0/media_types/vendor/mime-db.v1.52.0.ts": "6925bbcae81ca37241e3f55908d0505724358cda3384eaea707773b2c7e99586",
    "https://deno.land/std@0.177.0/path/_constants.ts": "e49961f6f4f48039c0dfed3c3f93e963ca3d92791c9d478ac5b43183413136e0",
    "https://deno.land/std@0.177.0/path/_interface.ts": "6471159dfbbc357e03882c2266d21ef9afdb1e4aa771b0545e90db58a0ba314b",
    "https://deno.land/std@0.177.0/path/_util.ts": "d7abb1e0dea065f427b89156e28cdeb32b045870acdf865833ba808a73b576d0",
    "https://deno.land/std@0.177.0/path/common.ts": "ee7505ab01fd22de3963b64e46cff31f40de34f9f8de1fff6a1bd2fe79380000",
    "https://deno.land/std@0.177.0/path/glob.ts": "d479e0a695621c94d3fd7fe7abd4f9499caf32a8de13f25073451c6ef420a4e1",
    "https://deno.land/std@0.177.0/path/mod.ts": "4b83694ac500d7d31b0cdafc927080a53dc0c3027eb2895790fb155082b0d232",
    "https://deno.land/std@0.177.0/path/posix.ts": "8b7c67ac338714b30c816079303d0285dd24af6b284f7ad63da5b27372a2c94d",
    "https://deno.land/std@0.177.0/path/separator.ts": "0fb679739d0d1d7bf45b68dacfb4ec7563597a902edbaf3c59b50d5bcadd93b1",
    "https://deno.land/std@0.177.0/path/win32.ts": "d186344e5583bcbf8b18af416d13d82b35a317116e6460a5a3953508c3de5bba",
    "https://deno.land/std@0.177.0/types.d.ts": "220ed56662a0bd393ba5d124aa6ae2ad36a00d2fcbc0e8666a65f4606aaa9784",
    "https://deno.land/std@0.177.0/version.ts": "259c8866ec257c3511b437baa95205a86761abaef852a9b2199072accb2ef046",
    "https://deno.land/x/denoflate@1.2.1/mod.ts": "f5628e44b80b3d80ed525afa2ba0f12408e3849db817d47a883b801f9ce69dd6",
    "https://deno.land/x/denoflate@1.2.1/pkg/denoflate.js": "b9f9ad9457d3f12f28b1fb35c555f57443427f74decb403113d67364e4f2caf4",
    "https://deno.land/x/denoflate@1.2.1/pkg/denoflate_bg.wasm.js": "d581956245407a2115a3d7e8d85a9641c032940a8e810acbd59ca86afd34d44d",
    "https://deno.land/x/esbuild@v0.17.2/mod.d.ts": "dc279a3a46f084484453e617c0cabcd5b8bd1920c0e562e4ea02dfc828c8f968",
    "https://deno.land/x/esbuild@v0.17.2/mod.js": "96534dfc1d4c388af077246d85243a6a87b7fd6420d6f9498d135c109ee1a397",
    "https://deno.land/x/markdown@v2.0.0/mod.ts": "495ee5abb28bff8e6e4027819ece57f61342ef7715419675c1b1be24c47fc624",
    "https://deno.land/x/markdown@v2.0.0/src/block-lexer.ts": "643d0f10ccb5abb199f896cdc571e87139d46b1caaadbf54ffca32271e7009e2",
    "https://deno.land/x/markdown@v2.0.0/src/extend-regexp.ts": "187bbc8527a00add37f05790af39e0a242dd2064270ab52a536f104d76634ab7",
    "https://deno.land/x/markdown@v2.0.0/src/helpers.ts": "0c797e3300a4bbc5ad921bc6aaa789382f1f4cb7279f6f7f74175628e7dfd744",
    "https://deno.land/x/markdown@v2.0.0/src/inline-lexer.ts": "a5858913d8e5ecf83b649e6febe746f7b12aaaeb0c0ee201a7d0de57540b1b17",
    "https://deno.land/x/markdown@v2.0.0/src/interfaces.ts": "e720074dc6658352c30a5b6cb06d8bd18c9b97642e4118768d96260d318b2c3c",
    "https://deno.land/x/markdown@v2.0.0/src/marked.ts": "36cacb1b13527429bf48935d0fed1f715e71238375ba5163054d57cb6ebbe732",
    "https://deno.land/x/markdown@v2.0.0/src/parser.ts": "3b200dc5ca451f7309d794da517c8b80cfe333c3636e5beb168b29b952f10f9a",
    "https://deno.land/x/markdown@v2.0.0/src/renderer.ts": "273c5659ca11d959481504cb6db152b43bba4620a54fd70f5a57ed1ff65e0206",
    "https://deno.land/x/refresh@1.0.0/mod.ts": "4cdfcbeec4c7322dd09e90171272b3c03b3826b0fb813a51758682f342461607",
    "https://deno.land/x/speed_highlight_js@1.1.11/src/common.js": "c4dc3904994ebe0fce83c87dad2f3a25ef03995a56cb4ea71659ad04bdab43bf",
    "https://deno.land/x/speed_highlight_js@1.1.11/src/index.js": "0342397e5dcf2d5c23b2db67223aba5dd466ed4b7f22e2297e14c2df530c8621",
    "https://deno.land/x/speed_highlight_js@1.1.11/src/languages/html.js": "52da9350ac2b1f37c54321d4d3f5e3772378914e24d40895deea3d871457a942",
    "https://deno.land/x/speed_highlight_js@1.1.11/src/languages/js.js": "b185c6eb8d0f95c8dfaefd7476493d974cfd9cb4027a4aaa4cb9f84e694cb1db",
    "https://deno.land/x/speed_highlight_js@1.1.11/src/languages/xml.js": "9197dfc84096722dab98b620852a183cd408ef33ab68a41ba0396ed8f237c3d2",
    "https://deno.land/x/speed_highlight_js@1.1.11/typedef.js": "b7b5846e3e5e721c32b35af3b35a3782086eb763a351327ff1bf73f415c5588b",
    "https://deno.land/x/speed_highlight_js@1.1.7/src/common.js": "c4dc3904994ebe0fce83c87dad2f3a25ef03995a56cb4ea71659ad04bdab43bf",
    "https://deno.land/x/speed_highlight_js@1.1.7/src/index.js": "dfcf442976a1a847c1de3470b3fb165f06394faa0f2f740b37871e9bf9f11026"
  },
  "npm": {
    "specifiers": {
      "@types/mithril@^2.0.3": "@types/mithril@2.0.11",
      "mithril-node-render": "mithril-node-render@3.0.2",
      "mithril@^2.0.3": "mithril@2.2.2",
      "pretty": "pretty@2.0.0"
    },
    "packages": {
      "@types/mithril@2.0.11": {
        "integrity": "sha512-2tYTImXc7RzWkPpgcbnSKpV46DQI4Bm8CfgmkrIbst8MJlX6d8hdgy2yQCEf5NZYLGNyK4xbzb4rr8VPmk0iXQ==",
        "dependencies": {}
      },
      "abbrev@1.1.1": {
        "integrity": "sha512-nne9/IiQ/hzIhY6pdDnbBtz7DjPTKrY00P/zvPSm5pOFkl6xuGrGnXn/VtTNNfNtAfZ9/1RtehkszU9qcTii0Q==",
        "dependencies": {}
      },
      "balanced-match@1.0.2": {
        "integrity": "sha512-3oSeUO0TMV67hN1AmbXsK4yaqU7tjiHlbxRDZOpH0KW9+CeX4bRAaX0Anxt0tx2MrpRpWwQaPwIlISEJhYU5Pw==",
        "dependencies": {}
      },
      "brace-expansion@1.1.11": {
        "integrity": "sha512-iCuPHDFgrHX7H2vEI/5xpz07zSHB00TpugqhmYtVmMO6518mCuRMoOYFldEBl0g187ufozdaHgWKcYFb61qGiA==",
        "dependencies": {
          "balanced-match": "balanced-match@1.0.2",
          "concat-map": "concat-map@0.0.1"
        }
      },
      "brace-expansion@2.0.1": {
        "integrity": "sha512-XnAIvQ8eM+kC6aULx6wuQiwVsnzsi9d3WxzV3FpWTGA19F621kwdbsAcFKXgKUHZWsy+mY6iL1sHTxWEFCytDA==",
        "dependencies": {
          "balanced-match": "balanced-match@1.0.2"
        }
      },
      "commander@2.20.3": {
        "integrity": "sha512-GpVkmM8vF2vQUkj2LvZmD35JxeJOLCwJ9cUkugyk2nuhbv3+mJvpLYYt+0+USMxE+oj+ey/lJEnhZw75x/OMcQ==",
        "dependencies": {}
      },
      "concat-map@0.0.1": {
        "integrity": "sha512-/Srv4dswyQNBfohGpz9o6Yb3Gz3SrUDqBH5rTuhGR7ahtlbYKnVxw2bCFMRljaA7EXHaXZ8wsHdodFvbkhKmqg==",
        "dependencies": {}
      },
      "condense-newlines@0.2.1": {
        "integrity": "sha512-P7X+QL9Hb9B/c8HI5BFFKmjgBu2XpQuF98WZ9XkO+dBGgk5XgwiQz7o1SmpglNWId3581UcS0SFAWfoIhMHPfg==",
        "dependencies": {
          "extend-shallow": "extend-shallow@2.0.1",
          "is-whitespace": "is-whitespace@0.3.0",
          "kind-of": "kind-of@3.2.2"
        }
      },
      "config-chain@1.1.13": {
        "integrity": "sha512-qj+f8APARXHrM0hraqXYb2/bOVSV4PvJQlNZ/DVj0QrmNM2q2euizkeuVckQ57J+W0mRH6Hvi+k50M4Jul2VRQ==",
        "dependencies": {
          "ini": "ini@1.3.8",
          "proto-list": "proto-list@1.2.4"
        }
      },
      "editorconfig@0.15.3": {
        "integrity": "sha512-M9wIMFx96vq0R4F+gRpY3o2exzb8hEj/n9S8unZtHSvYjibBp/iMufSzvmOcV/laG0ZtuTVGtiJggPOSW2r93g==",
        "dependencies": {
          "commander": "commander@2.20.3",
          "lru-cache": "lru-cache@4.1.5",
          "semver": "semver@5.7.1",
          "sigmund": "sigmund@1.0.1"
        }
      },
      "extend-shallow@2.0.1": {
        "integrity": "sha512-zCnTtlxNoAiDc3gqY2aYAWFx7XWWiasuF2K8Me5WbN8otHKTUKBwjPtNpRs/rbUZm7KxWAaNj7P1a/p52GbVug==",
        "dependencies": {
          "is-extendable": "is-extendable@0.1.1"
        }
      },
      "fs.realpath@1.0.0": {
        "integrity": "sha512-OO0pH2lK6a0hZnAdau5ItzHPI6pUlvI7jMVnxUQRtw4owF2wk8lOSabtGDCTP4Ggrg2MbGnWO9X8K1t4+fGMDw==",
        "dependencies": {}
      },
      "glob@7.2.3": {
        "integrity": "sha512-nFR0zLpU2YCaRxwoCJvL6UvCH2JFyFVIvwTLsIf21AuHlMskA1hhTdk+LlYJtOlYt9v6dvszD2BGRqBL+iQK9Q==",
        "dependencies": {
          "fs.realpath": "fs.realpath@1.0.0",
          "inflight": "inflight@1.0.6",
          "inherits": "inherits@2.0.4",
          "minimatch": "minimatch@3.1.2",
          "once": "once@1.4.0",
          "path-is-absolute": "path-is-absolute@1.0.1"
        }
      },
      "glob@8.0.3": {
        "integrity": "sha512-ull455NHSHI/Y1FqGaaYFaLGkNMMJbavMrEGFXG/PGrg6y7sutWHUHrz6gy6WEBH6akM1M414dWKCNs+IhKdiQ==",
        "dependencies": {
          "fs.realpath": "fs.realpath@1.0.0",
          "inflight": "inflight@1.0.6",
          "inherits": "inherits@2.0.4",
          "minimatch": "minimatch@5.1.1",
          "once": "once@1.4.0"
        }
      },
      "inflight@1.0.6": {
        "integrity": "sha512-k92I/b08q4wvFscXCLvqfsHCrjrF7yiXsQuIVvVE7N82W3+aqpzuUdBbfhWcy/FZR3/4IgflMgKLOsvPDrGCJA==",
        "dependencies": {
          "once": "once@1.4.0",
          "wrappy": "wrappy@1.0.2"
        }
      },
      "inherits@2.0.4": {
        "integrity": "sha512-k/vGaX4/Yla3WzyMCvTQOXYeIHvqOKtnqBduzTHpzpQZzAskKMhZ2K+EnBiSM9zGSoIFeMpXKxa4dYeZIQqewQ==",
        "dependencies": {}
      },
      "ini@1.3.8": {
        "integrity": "sha512-JV/yugV2uzW5iMRSiZAyDtQd+nxtUnjeLt0acNdw98kKLrvuRVyB80tsREOE7yvGVgalhZ6RNXCmEHkUKBKxew==",
        "dependencies": {}
      },
      "is-buffer@1.1.6": {
        "integrity": "sha512-NcdALwpXkTm5Zvvbk7owOUSvVvBKDgKP5/ewfXEznmQFfs4ZRmanOeKBTjRVjka3QFoN6XJ+9F3USqfHqTaU5w==",
        "dependencies": {}
      },
      "is-extendable@0.1.1": {
        "integrity": "sha512-5BMULNob1vgFX6EjQw5izWDxrecWK9AM72rugNr0TFldMOi0fj6Jk+zeKIt0xGj4cEfQIJth4w3OKWOJ4f+AFw==",
        "dependencies": {}
      },
      "is-whitespace@0.3.0": {
        "integrity": "sha512-RydPhl4S6JwAyj0JJjshWJEFG6hNye3pZFBRZaTUfZFwGHxzppNaNOVgQuS/E/SlhrApuMXrpnK1EEIXfdo3Dg==",
        "dependencies": {}
      },
      "js-beautify@1.14.7": {
        "integrity": "sha512-5SOX1KXPFKx+5f6ZrPsIPEY7NwKeQz47n3jm2i+XeHx9MoRsfQenlOP13FQhWvg8JRS0+XLO6XYUQ2GX+q+T9A==",
        "dependencies": {
          "config-chain": "config-chain@1.1.13",
          "editorconfig": "editorconfig@0.15.3",
          "glob": "glob@8.0.3",
          "nopt": "nopt@6.0.0"
        }
      },
      "kind-of@3.2.2": {
        "integrity": "sha512-NOW9QQXMoZGg/oqnVNoNTTIFEIid1627WCffUBJEdMxYApq7mNE7CpzucIPc+ZQg25Phej7IJSmX3hO+oblOtQ==",
        "dependencies": {
          "is-buffer": "is-buffer@1.1.6"
        }
      },
      "lru-cache@4.1.5": {
        "integrity": "sha512-sWZlbEP2OsHNkXrMl5GYk/jKk70MBng6UU4YI/qGDYbgf6YbP4EvmqISbXCoJiRKs+1bSpFHVgQxvJ17F2li5g==",
        "dependencies": {
          "pseudomap": "pseudomap@1.0.2",
          "yallist": "yallist@2.1.2"
        }
      },
      "minimatch@3.1.2": {
        "integrity": "sha512-J7p63hRiAjw1NDEww1W7i37+ByIrOWO5XQQAzZ3VOcL0PNybwpfmV/N05zFAzwQ9USyEcX6t3UO+K5aqBQOIHw==",
        "dependencies": {
          "brace-expansion": "brace-expansion@1.1.11"
        }
      },
      "minimatch@5.1.1": {
        "integrity": "sha512-362NP+zlprccbEt/SkxKfRMHnNY85V74mVnpUpNyr3F35covl09Kec7/sEFLt3RA4oXmewtoaanoIf67SE5Y5g==",
        "dependencies": {
          "brace-expansion": "brace-expansion@2.0.1"
        }
      },
      "mithril-node-render@3.0.2": {
        "integrity": "sha512-8GZfFWW7h1YjO8s9fe+vHpWG3zacGIytQ/FBKxlynHlwknp1KLRHM6MtrtbMy72dVdQOiYw7wyfZXD0IrvpQOQ==",
        "dependencies": {}
      },
      "mithril@2.2.2": {
        "integrity": "sha512-YRm6eLv2UUaWaWHdH8L+desW9+DN7+oM34CxJv6tT2e1lNVue8bxQlknQeDRn9aKlO8sIujm2wqUHwM+Hb1wGQ==",
        "dependencies": {
          "ospec": "ospec@4.0.0"
        }
      },
      "nopt@6.0.0": {
        "integrity": "sha512-ZwLpbTgdhuZUnZzjd7nb1ZV+4DoiC6/sfiVKok72ym/4Tlf+DFdlHYmT2JPmcNNWV6Pi3SDf1kT+A4r9RTuT9g==",
        "dependencies": {
          "abbrev": "abbrev@1.1.1"
        }
      },
      "once@1.4.0": {
        "integrity": "sha512-lNaJgI+2Q5URQBkccEKHTQOPaXdUxnZZElQTZY0MFUAuaEqe1E+Nyvgdz/aIyNi6Z9MzO5dv1H8n58/GELp3+w==",
        "dependencies": {
          "wrappy": "wrappy@1.0.2"
        }
      },
      "ospec@4.0.0": {
        "integrity": "sha512-MpDtkpscOxHYb4w71v7GB4LBsRuzxZnM+HdwjhzJQzu+5EJvA80yxTaKw+wp5Dmf5RV2/Bg3Uvz2vlI/PhW9Ow==",
        "dependencies": {
          "glob": "glob@7.2.3"
        }
      },
      "path-is-absolute@1.0.1": {
        "integrity": "sha512-AVbw3UJ2e9bq64vSaS9Am0fje1Pa8pbGqTTsmXfaIiMpnr5DlDhfJOuLj9Sf95ZPVDAUerDfEk88MPmPe7UCQg==",
        "dependencies": {}
      },
      "pretty@2.0.0": {
        "integrity": "sha512-G9xUchgTEiNpormdYBl+Pha50gOUovT18IvAe7EYMZ1/f9W/WWMPRn+xI68yXNMUk3QXHDwo/1wV/4NejVNe1w==",
        "dependencies": {
          "condense-newlines": "condense-newlines@0.2.1",
          "extend-shallow": "extend-shallow@2.0.1",
          "js-beautify": "js-beautify@1.14.7"
        }
      },
      "proto-list@1.2.4": {
        "integrity": "sha512-vtK/94akxsTMhe0/cbfpR+syPuszcuwhqVjJq26CuNDgFGj682oRBXOP5MJpv2r7JtE8MsiepGIqvvOTBwn2vA==",
        "dependencies": {}
      },
      "pseudomap@1.0.2": {
        "integrity": "sha512-b/YwNhb8lk1Zz2+bXXpS/LK9OisiZZ1SNsSLxN1x2OXVEhW2Ckr/7mWE5vrC1ZTiJlD9g19jWszTmJsB+oEpFQ==",
        "dependencies": {}
      },
      "semver@5.7.1": {
        "integrity": "sha512-sauaDf/PZdVgrLTNYHRtpXa1iRiKcaebiKQ1BJdpQlWH2lCvexQdX55snPFyK7QzpudqbCI0qXFfOasHdyNDGQ==",
        "dependencies": {}
      },
      "sigmund@1.0.1": {
        "integrity": "sha512-fCvEXfh6NWpm+YSuY2bpXb/VIihqWA6hLsgboC+0nl71Q7N7o2eaCW8mJa/NLvQhs6jpd3VZV4UiUQlV6+lc8g==",
        "dependencies": {}
      },
      "wrappy@1.0.2": {
        "integrity": "sha512-l4Sp/DRseor9wL6EvV2+TuQn63dMkPjZ/sp9XkghTEbV9KlPS1xUsZ3u7/IQO4wxtcFB4bgpQPRcR3QCvezPcQ==",
        "dependencies": {}
      },
      "yallist@2.1.2": {
        "integrity": "sha512-ncTzHV7NvsQZkYe1DW7cbDLm0YpzHmZF5r/iyP3ZnQtMiJ+pjzisCiMNI+Sj+xQF5pXhSHxSB3uDbsBTzY/c2A==",
        "dependencies": {}
      }
    }
  }
}
